
Microsoft Visual Studio Solution File, Format Version 12.00
# Visual Studio 2013
VisualStudioVersion = 12.0.21005.1
MinimumVisualStudioVersion = 10.0.40219.1
Project("{FAE04EC0-301F-11D3-BF4B-00C04F79EFBC}") = "ImageCropper", "ImageCropper\ImageCropper.csproj", "{A3D630A9-7378-442E-9C21-E378A34EC460}"
EndProject
Project("{FAE04EC0-301F-11D3-BF4B-00C04F79EFBC}") = "TestSite", "TestSite\TestSite.csproj", "{C84D544A-F5AC-4791-96EA-CE60AF1FBC06}"
EndProject
Project("{2150E333-8FDC-42A3-9474-1A3956D46DE8}") = ".nuget", ".nuget", "{0020B6D4-5E3E-421E-AF79-452A8FE82959}"
	ProjectSection(SolutionItems) = preProject
		.nuget\NuGet.Config = .nuget\NuGet.Config
		.nuget\NuGet.exe = .nuget\NuGet.exe
		.nuget\NuGet.targets = .nuget\NuGet.targets
	EndProjectSection
EndProject
Project("{FAE04EC0-301F-11D3-BF4B-00C04F79EFBC}") = "TestSiteImageGen", "TestSiteImageGen\TestSiteImageGen.csproj", "{368163E6-D0B0-4D0A-A4A1-F6891C752D25}"
EndProject
Project("{FAE04EC0-301F-11D3-BF4B-00C04F79EFBC}") = "TestSiteImageProcessor", "TestSiteImageProcessor\TestSiteImageProcessor.csproj", "{4E33EEDF-6555-4ECC-BBB4-42E8A46B721A}"
EndProject
Project("{2150E333-8FDC-42A3-9474-1A3956D46DE8}") = "BuildPackage", "BuildPackage", "{C3FF90DC-CFA3-4F4C-B294-0429DA9A12E6}"
EndProject
Project("{2150E333-8FDC-42A3-9474-1A3956D46DE8}") = "ImageCropper", "ImageCropper", "{F5E51ABB-BA35-4466-AA9A-6B88CEFD884C}"
	ProjectSection(SolutionItems) = preProject
		BuildPackages\ImageCropper\Package.build.cmd = BuildPackages\ImageCropper\Package.build.cmd
		BuildPackages\ImageCropper\Package.build.xml = BuildPackages\ImageCropper\Package.build.xml
		BuildPackages\ImageCropper\Package.xml = BuildPackages\ImageCropper\Package.xml
	EndProjectSection
EndProject
Project("{FAE04EC0-301F-11D3-BF4B-00C04F79EFBC}") = "IRUmbraco", "IRUmbraco\IRUmbraco.csproj", "{1F120B41-2BD6-4438-B319-CA3DE5156D82}"
EndProject
Project("{2150E333-8FDC-42A3-9474-1A3956D46DE8}") = "IRUmbraco", "IRUmbraco", "{02424FAE-BE4A-4E72-A2E1-D43217A7684D}"
	ProjectSection(SolutionItems) = preProject
		BuildPackages\IRUmbraco\Package.build.cmd = BuildPackages\IRUmbraco\Package.build.cmd
		BuildPackages\IRUmbraco\Package.build.xml = BuildPackages\IRUmbraco\Package.build.xml
		BuildPackages\IRUmbraco\Package.xml = BuildPackages\IRUmbraco\Package.xml
	EndProjectSection
EndProject
Global
	GlobalSection(SolutionConfigurationPlatforms) = preSolution
		Debug|Any CPU = Debug|Any CPU
		Release|Any CPU = Release|Any CPU
	EndGlobalSection
	GlobalSection(ProjectConfigurationPlatforms) = postSolution
		{A3D630A9-7378-442E-9C21-E378A34EC460}.Debug|Any CPU.ActiveCfg = Debug|Any CPU
		{A3D630A9-7378-442E-9C21-E378A34EC460}.Debug|Any CPU.Build.0 = Debug|Any CPU
		{A3D630A9-7378-442E-9C21-E378A34EC460}.Release|Any CPU.ActiveCfg = Release|Any CPU
		{A3D630A9-7378-442E-9C21-E378A34EC460}.Release|Any CPU.Build.0 = Release|Any CPU
		{C84D544A-F5AC-4791-96EA-CE60AF1FBC06}.Debug|Any CPU.ActiveCfg = Debug|Any CPU
		{C84D544A-F5AC-4791-96EA-CE60AF1FBC06}.Debug|Any CPU.Build.0 = Debug|Any CPU
		{C84D544A-F5AC-4791-96EA-CE60AF1FBC06}.Release|Any CPU.ActiveCfg = Release|Any CPU
		{C84D544A-F5AC-4791-96EA-CE60AF1FBC06}.Release|Any CPU.Build.0 = Release|Any CPU
		{368163E6-D0B0-4D0A-A4A1-F6891C752D25}.Debug|Any CPU.ActiveCfg = Debug|Any CPU
		{368163E6-D0B0-4D0A-A4A1-F6891C752D25}.Debug|Any CPU.Build.0 = Debug|Any CPU
		{368163E6-D0B0-4D0A-A4A1-F6891C752D25}.Release|Any CPU.ActiveCfg = Release|Any CPU
		{368163E6-D0B0-4D0A-A4A1-F6891C752D25}.Release|Any CPU.Build.0 = Release|Any CPU
		{4E33EEDF-6555-4ECC-BBB4-42E8A46B721A}.Debug|Any CPU.ActiveCfg = Debug|Any CPU
		{4E33EEDF-6555-4ECC-BBB4-42E8A46B721A}.Debug|Any CPU.Build.0 = Debug|Any CPU
		{4E33EEDF-6555-4ECC-BBB4-42E8A46B721A}.Release|Any CPU.ActiveCfg = Release|Any CPU
		{4E33EEDF-6555-4ECC-BBB4-42E8A46B721A}.Release|Any CPU.Build.0 = Release|Any CPU
		{1F120B41-2BD6-4438-B319-CA3DE5156D82}.Debug|Any CPU.ActiveCfg = Debug|Any CPU
		{1F120B41-2BD6-4438-B319-CA3DE5156D82}.Debug|Any CPU.Build.0 = Debug|Any CPU
		{1F120B41-2BD6-4438-B319-CA3DE5156D82}.Release|Any CPU.ActiveCfg = Release|Any CPU
		{1F120B41-2BD6-4438-B319-CA3DE5156D82}.Release|Any CPU.Build.0 = Release|Any CPU
	EndGlobalSection
	GlobalSection(SolutionProperties) = preSolution
		HideSolutionNode = FALSE
	EndGlobalSection
	GlobalSection(NestedProjects) = preSolution
		{F5E51ABB-BA35-4466-AA9A-6B88CEFD884C} = {C3FF90DC-CFA3-4F4C-B294-0429DA9A12E6}
		{02424FAE-BE4A-4E72-A2E1-D43217A7684D} = {C3FF90DC-CFA3-4F4C-B294-0429DA9A12E6}
	EndGlobalSection
EndGlobal
